{
  "requires": true,
  "lockfileVersion": 1,
  "dependencies": {
    "jstat": {
      "version": "1.9.5",
      "resolved": "https://registry.npmjs.org/jstat/-/jstat-1.9.5.tgz",
      "integrity": "sha512-cWnp4vObF5GmB2XsIEzxI/1ZTcYlcfNqxQ/9Fp5KFUa0Jf/4tO0ZkGVnqoEHDisJvYgvn5n3eWZbd2xTVJJPUQ=="
    }
  }
}
